{
  "lockfileVersion": 1,
  "configVersion": 1,
  "workspaces": {
    "": {
      "name": "tl-monorepo",
      "devDependencies": {
        "turbo": "^2",
        "typescript": "^5.7",
      },
    },
    "apps/cli": {
      "name": "@translate-local/cli",
      "version": "0.3.4",
      "bin": {
        "tl": "./src/index.ts",
      },
      "dependencies": {
        "@translate-local/adapters": "workspace:*",
        "@translate-local/core": "workspace:*",
        "@translate-local/shared": "workspace:*",
        "@translate-local/tui": "workspace:*",
        "commander": "^14.0.3",
      },
      "devDependencies": {
        "bun-types": "latest",
        "typescript": "^5.7",
      },
    },
    "apps/tui": {
      "name": "@translate-local/tui",
      "version": "0.3.4",
      "dependencies": {
        "@opentui/core": "0.2.1",
        "@translate-local/adapters": "workspace:*",
        "@translate-local/core": "workspace:*",
        "@translate-local/shared": "workspace:*",
      },
      "devDependencies": {
        "bun-types": "latest",
        "typescript": "^5.7",
      },
    },
    "packages/adapters": {
      "name": "@translate-local/adapters",
      "version": "0.3.4",
      "devDependencies": {
        "@translate-local/shared": "workspace:*",
        "bun-types": "latest",
        "typescript": "^5.7",
      },
      "peerDependencies": {
        "@translate-local/shared": "workspace:*",
      },
    },
    "packages/core": {
      "name": "@translate-local/core",
      "version": "0.3.4",
      "dependencies": {
        "zod": "^4.3.6",
      },
      "devDependencies": {
        "@translate-local/adapters": "workspace:*",
        "@translate-local/shared": "workspace:*",
        "bun-types": "latest",
        "typescript": "^5.7",
      },
      "peerDependencies": {
        "@translate-local/shared": "workspace:*",
      },
    },
    "packages/npm-tl": {
      "name": "@translate-local/tl",
      "version": "0.3.4",
      "bin": {
        "tl": "bin/tl.js",
      },
      "optionalDependencies": {
        "@translate-local/tl-darwin-arm64": "0.3.0",
        "@translate-local/tl-darwin-x64": "0.3.0",
        "@translate-local/tl-linux-arm64": "0.3.0",
        "@translate-local/tl-linux-x64": "0.3.0",
        "@translate-local/tl-win32-x64": "0.3.0",
      },
    },
    "packages/npm-tl-darwin-arm64": {
      "name": "@translate-local/tl-darwin-arm64",
      "version": "0.3.4",
    },
    "packages/npm-tl-darwin-x64": {
      "name": "@translate-local/tl-darwin-x64",
      "version": "0.3.4",
    },
    "packages/npm-tl-linux-arm64": {
      "name": "@translate-local/tl-linux-arm64",
      "version": "0.3.4",
    },
    "packages/npm-tl-linux-x64": {
      "name": "@translate-local/tl-linux-x64",
      "version": "0.3.4",
    },
    "packages/npm-tl-win32-x64": {
      "name": "@translate-local/tl-win32-x64",
      "version": "0.3.4",
    },
    "packages/shared": {
      "name": "@translate-local/shared",
      "version": "0.3.4",
      "devDependencies": {
        "bun-types": "latest",
        "typescript": "^5.7",
      },
    },
  },
  "packages": {
    "@opentui/core": ["@opentui/core@0.2.1", "", { "dependencies": { "bun-ffi-structs": "0.1.2", "diff": "9.0.0", "marked": "17.0.1", "string-width": "7.2.0", "strip-ansi": "7.1.2", "yoga-layout": "3.2.1" }, "optionalDependencies": { "@opentui/core-darwin-arm64": "0.2.1", "@opentui/core-darwin-x64": "0.2.1", "@opentui/core-linux-arm64": "0.2.1", "@opentui/core-linux-x64": "0.2.1", "@opentui/core-win32-arm64": "0.2.1", "@opentui/core-win32-x64": "0.2.1" }, "peerDependencies": { "web-tree-sitter": "0.25.10" } }, "sha512-tXFD2NeznXzZa02yOsQ/D0o/06GBqVrPR7VdmgqI+ZChcS7NY/QgNQGgAZUditW2vezFcxlgTqoCgQaZFqRfGQ=="],

    "@opentui/core-darwin-arm64": ["@opentui/core-darwin-arm64@0.2.1", "", { "os": "darwin", "cpu": "arm64" }, "sha512-vT8rgeNdkzD84wCcS5zmrSVFgR/SjeVr+2FNM/icTjwKh9Jq3cY6UY7/EFck3PRjrmanNu4zw7W5lFKSpMxnPQ=="],

    "@opentui/core-darwin-x64": ["@opentui/core-darwin-x64@0.2.1", "", { "os": "darwin", "cpu": "x64" }, "sha512-HAH1KeTejs0Z+RChNsNImI1eOlYJabKeAEvLtnn1aiHxvJFpzdAi6d/VrG5WFcxAem6TVRtnKN46gXff26lkig=="],

    "@opentui/core-linux-arm64": ["@opentui/core-linux-arm64@0.2.1", "", { "os": "linux", "cpu": "arm64" }, "sha512-447FI6xolsKbG1eH3hpNGQhQ/8M6FDJIgpiJhX9XXvZGO7vEyN6efyqqIzRF+quafqF69+rT3qK70S1svjwVKA=="],

    "@opentui/core-linux-x64": ["@opentui/core-linux-x64@0.2.1", "", { "os": "linux", "cpu": "x64" }, "sha512-Xdds+HnAbFiylTdxyYhRxPFPnrHm75KTi7QCA1JHU3lb8Sfwrxv3nlYtFhEV798y4osafsghL20Nq5mqVPjizQ=="],

    "@opentui/core-win32-arm64": ["@opentui/core-win32-arm64@0.2.1", "", { "os": "win32", "cpu": "arm64" }, "sha512-VEuqX9OSFpw960mibe4OXVmnE43V/VYwB61zoxD5uw7L3jgCiOfrf+W2TuFbcRAgtTD35MypJ53fYxmUcVZc8g=="],

    "@opentui/core-win32-x64": ["@opentui/core-win32-x64@0.2.1", "", { "os": "win32", "cpu": "x64" }, "sha512-ywwRbyjPPEbNe3da+ez4NxIaJWQ79sA2gdepuHKUVdmdxsevdRpAxOHkEpJNtiVvphPc/On9EsP25Hmn5gjYxg=="],

    "@translate-local/adapters": ["@translate-local/adapters@workspace:packages/adapters"],

    "@translate-local/cli": ["@translate-local/cli@workspace:apps/cli"],

    "@translate-local/core": ["@translate-local/core@workspace:packages/core"],

    "@translate-local/shared": ["@translate-local/shared@workspace:packages/shared"],

    "@translate-local/tl": ["@translate-local/tl@workspace:packages/npm-tl"],

    "@translate-local/tl-darwin-arm64": ["@translate-local/tl-darwin-arm64@workspace:packages/npm-tl-darwin-arm64"],

    "@translate-local/tl-darwin-x64": ["@translate-local/tl-darwin-x64@workspace:packages/npm-tl-darwin-x64"],

    "@translate-local/tl-linux-arm64": ["@translate-local/tl-linux-arm64@workspace:packages/npm-tl-linux-arm64"],

    "@translate-local/tl-linux-x64": ["@translate-local/tl-linux-x64@workspace:packages/npm-tl-linux-x64"],

    "@translate-local/tl-win32-x64": ["@translate-local/tl-win32-x64@workspace:packages/npm-tl-win32-x64"],

    "@translate-local/tui": ["@translate-local/tui@workspace:apps/tui"],

    "@types/node": ["@types/node@25.2.3", "", { "dependencies": { "undici-types": "~7.16.0" } }, "sha512-m0jEgYlYz+mDJZ2+F4v8D1AyQb+QzsNqRuI7xg1VQX/KlKS0qT9r1Mo16yo5F/MtifXFgaofIFsdFMox2SxIbQ=="],

    "ansi-regex": ["ansi-regex@6.2.2", "", {}, "sha512-Bq3SmSpyFHaWjPk8If9yc6svM8c56dB5BAtW4Qbw5jHTwwXXcTLoRMkpDJp6VL0XzlWaCHTXrkFURMYmD0sLqg=="],

    "bun-ffi-structs": ["bun-ffi-structs@0.1.2", "", { "peerDependencies": { "typescript": "^5" } }, "sha512-Lh1oQAYHDcnesJauieA4UNkWGXY9hYck7OA5IaRwE3Bp6K2F2pJSNYqq+hIy7P3uOvo3km3oxS8304g5gDMl/w=="],

    "bun-types": ["bun-types@1.3.13", "", { "dependencies": { "@types/node": "*" } }, "sha512-QXKeHLlOLqQX9LgYaHJfzdBaV21T63HhFJnvuRCcjZiaUDpbs5ED1MgxbMra71CsryN/1dAoXuJJJwIv/2drVA=="],

    "commander": ["commander@14.0.3", "", {}, "sha512-H+y0Jo/T1RZ9qPP4Eh1pkcQcLRglraJaSLoyOtHxu6AapkjWVCy2Sit1QQ4x3Dng8qDlSsZEet7g5Pq06MvTgw=="],

    "diff": ["diff@9.0.0", "", {}, "sha512-svtcdpS8CgJyqAjEQIXdb3OjhFVVYjzGAPO8WGCmRbrml64SPw/jJD4GoE98aR7r25A0XcgrK3F02yw9R/vhQw=="],

    "emoji-regex": ["emoji-regex@10.6.0", "", {}, "sha512-toUI84YS5YmxW219erniWD0CIVOo46xGKColeNQRgOzDorgBi1v4D71/OFzgD9GO2UGKIv1C3Sp8DAn0+j5w7A=="],

    "get-east-asian-width": ["get-east-asian-width@1.5.0", "", {}, "sha512-CQ+bEO+Tva/qlmw24dCejulK5pMzVnUOFOijVogd3KQs07HnRIgp8TGipvCCRT06xeYEbpbgwaCxglFyiuIcmA=="],

    "marked": ["marked@17.0.1", "", { "bin": { "marked": "bin/marked.js" } }, "sha512-boeBdiS0ghpWcSwoNm/jJBwdpFaMnZWRzjA6SkUMYb40SVaN1x7mmfGKp0jvexGcx+7y2La5zRZsYFZI6Qpypg=="],

    "string-width": ["string-width@7.2.0", "", { "dependencies": { "emoji-regex": "^10.3.0", "get-east-asian-width": "^1.0.0", "strip-ansi": "^7.1.0" } }, "sha512-tsaTIkKW9b4N+AEj+SVA+WhJzV7/zMhcSu78mLKWSk7cXMOSHsBKFWUs0fWwq8QyK3MgJBQRX6Gbi4kYbdvGkQ=="],

    "strip-ansi": ["strip-ansi@7.1.2", "", { "dependencies": { "ansi-regex": "^6.0.1" } }, "sha512-gmBGslpoQJtgnMAvOVqGZpEz9dyoKTCzy2nfz/n8aIFhN/jCE/rCmcxabB6jOOHV+0WNnylOxaxBQPSvcWklhA=="],

    "turbo": ["turbo@2.8.9", "", { "optionalDependencies": { "turbo-darwin-64": "2.8.9", "turbo-darwin-arm64": "2.8.9", "turbo-linux-64": "2.8.9", "turbo-linux-arm64": "2.8.9", "turbo-windows-64": "2.8.9", "turbo-windows-arm64": "2.8.9" }, "bin": { "turbo": "bin/turbo" } }, "sha512-G+Mq8VVQAlpz/0HTsxiNNk/xywaHGl+dk1oiBREgOEVCCDjXInDlONWUn5srRnC9s5tdHTFD1bx1N19eR4hI+g=="],

    "turbo-darwin-64": ["turbo-darwin-64@2.8.9", "", { "os": "darwin", "cpu": "x64" }, "sha512-KnCw1ZI9KTnEAhdI9avZrnZ/z4wsM++flMA1w8s8PKOqi5daGpFV36qoPafg4S8TmYMe52JPWEoFr0L+lQ5JIw=="],

    "turbo-darwin-arm64": ["turbo-darwin-arm64@2.8.9", "", { "os": "darwin", "cpu": "arm64" }, "sha512-CbD5Y2NKJKBXTOZ7z7Cc7vGlFPZkYjApA7ri9lH4iFwKV1X7MoZswh9gyRLetXYWImVX1BqIvP8KftulJg/wIA=="],

    "turbo-linux-64": ["turbo-linux-64@2.8.9", "", { "os": "linux", "cpu": "x64" }, "sha512-OXC9HdCtsHvyH+5KUoH8ds+p5WU13vdif0OPbsFzZca4cUXMwKA3HWwUuCgQetk0iAE4cscXpi/t8A263n3VTg=="],

    "turbo-linux-arm64": ["turbo-linux-arm64@2.8.9", "", { "os": "linux", "cpu": "arm64" }, "sha512-yI5n8jNXiFA6+CxnXG0gO7h5ZF1+19K8uO3/kXPQmyl37AdiA7ehKJQOvf9OPAnmkGDHcF2HSCPltabERNRmug=="],

    "turbo-windows-64": ["turbo-windows-64@2.8.9", "", { "os": "win32", "cpu": "x64" }, "sha512-/OztzeGftJAg258M/9vK2ZCkUKUzqrWXJIikiD2pm8TlqHcIYUmepDbyZSDfOiUjMy6NzrLFahpNLnY7b5vNgg=="],

    "turbo-windows-arm64": ["turbo-windows-arm64@2.8.9", "", { "os": "win32", "cpu": "arm64" }, "sha512-xZ2VTwVTjIqpFZKN4UBxDHCPM3oJ2J5cpRzCBSmRpJ/Pn33wpiYjs+9FB2E03svKaD04/lSSLlEUej0UYsugfg=="],

    "typescript": ["typescript@5.9.3", "", { "bin": { "tsc": "bin/tsc", "tsserver": "bin/tsserver" } }, "sha512-jl1vZzPDinLr9eUt3J/t7V6FgNEw9QjvBPdysz9KfQDD41fQrC2Y4vKQdiaUpFT4bXlb1RHhLpp8wtm6M5TgSw=="],

    "undici-types": ["undici-types@7.16.0", "", {}, "sha512-Zz+aZWSj8LE6zoxD+xrjh4VfkIG8Ya6LvYkZqtUQGJPZjYl53ypCaUwWqo7eI0x66KBGeRo+mlBEkMSeSZ38Nw=="],

    "web-tree-sitter": ["web-tree-sitter@0.25.10", "", { "peerDependencies": { "@types/emscripten": "^1.40.0" }, "optionalPeers": ["@types/emscripten"] }, "sha512-Y09sF44/13XvgVKgO2cNDw5rGk6s26MgoZPXLESvMXeefBf7i6/73eFurre0IsTW6E14Y0ArIzhUMmjoc7xyzA=="],

    "yoga-layout": ["yoga-layout@3.2.1", "", {}, "sha512-0LPOt3AxKqMdFBZA3HBAt/t/8vIKq7VaQYbuA8WxCgung+p9TVyKRYdpvCb80HcdTN2NkbIKbhNwKUfm3tQywQ=="],

    "zod": ["zod@4.3.6", "", {}, "sha512-rftlrkhHZOcjDwkGlnUtZZkvaPHCsDATp4pGpuOOMDaTdDDXF91wuVDJoWoPsKX/3YPQ5fHuF3STjcYyKr+Qhg=="],

    "@translate-local/cli/bun-types": ["bun-types@1.3.12", "", { "dependencies": { "@types/node": "*" } }, "sha512-HqOLj5PoFajAQciOMRiIZGNoKxDJSr6qigAttOX40vJuSp6DN/CxWp9s3C1Xwm4oH7ybueITwiaOcWXoYVoRkA=="],
  }
}
